// !$*UTF8*$!
{
	archiveVersion = 1;
	classes = {
	};
	objectVersion = 46;
	objects = {

/* Begin PBXBuildFile section */
		5BB9338218C05B0200B533EA /* Foundation.framework in Frameworks */ = {isa = PBXBuildFile; fileRef = 5BB9338118C05B0200B533EA /* Foundation.framework */; };
		5BB9338418C05B0200B533EA /* CoreGraphics.framework in Frameworks */ = {isa = PBXBuildFile; fileRef = 5BB9338318C05B0200B533EA /* CoreGraphics.framework */; };
		5BB9338618C05B0200B533EA /* UIKit.framework in Frameworks */ = {isa = PBXBuildFile; fileRef = 5BB9338518C05B0200B533EA /* UIKit.framework */; };
		5BB9338C18C05B0200B533EA /* InfoPlist.strings in Resources */ = {isa = PBXBuildFile; fileRef = 5BB9338A18C05B0200B533EA /* InfoPlist.strings */; };
		5BB9338E18C05B0200B533EA /* main.m in Sources */ = {isa = PBXBuildFile; fileRef = 5BB9338D18C05B0200B533EA /* main.m */; };
		5BB9339218C05B0200B533EA /* AppDelegate.m in Sources */ = {isa = PBXBuildFile; fileRef = 5BB9339118C05B0200B533EA /* AppDelegate.m */; };
		5BB9339418C05B0200B533EA /* Images.xcassets in Resources */ = {isa = PBXBuildFile; fileRef = 5BB9339318C05B0200B533EA /* Images.xcassets */; };
		5BB9339B18C05B0200B533EA /* XCTest.framework in Frameworks */ = {isa = PBXBuildFile; fileRef = 5BB9339A18C05B0200B533EA /* XCTest.framework */; };
		5BB9339C18C05B0200B533EA /* Foundation.framework in Frameworks */ = {isa = PBXBuildFile; fileRef = 5BB9338118C05B0200B533EA /* Foundation.framework */; };
		5BB9339D18C05B0200B533EA /* UIKit.framework in Frameworks */ = {isa = PBXBuildFile; fileRef = 5BB9338518C05B0200B533EA /* UIKit.framework */; };
		5BB933A518C05B0200B533EA /* InfoPlist.strings in Resources */ = {isa = PBXBuildFile; fileRef = 5BB933A318C05B0200B533EA /* InfoPlist.strings */; };
		5BB933A718C05B0200B533EA /* RuntimeTestTests.m in Sources */ = {isa = PBXBuildFile; fileRef = 5BB933A618C05B0200B533EA /* RuntimeTestTests.m */; };
		5BB933B418C06CA400B533EA /* Animal.m in Sources */ = {isa = PBXBuildFile; fileRef = 5BB933B318C06CA400B533EA /* Animal.m */; };
/* End PBXBuildFile section */

/* Begin PBXContainerItemProxy section */
		5BB9339E18C05B0200B533EA /* PBXContainerItemProxy */ = {
			isa = PBXContainerItemProxy;
			containerPortal = 5BB9337618C05B0200B533EA /* Project object */;
			proxyType = 1;
			remoteGlobalIDString = 5BB9337D18C05B0200B533EA;
			remoteInfo = RuntimeTest;
		};
/* End PBXContainerItemProxy section */

/* Begin PBXFileReference section */
		5BB9337E18C05B0200B533EA /* RuntimeTest.app */ = {isa = PBXFileReference; explicitFileType = wrapper.application; includeInIndex = 0; path = RuntimeTest.app; sourceTree = BUILT_PRODUCTS_DIR; };
		5BB9338118C05B0200B533EA /* Foundation.framework */ = {isa = PBXFileReference; lastKnownFileType = wrapper.framework; name = Foundation.framework; path = System/Library/Frameworks/Foundation.framework; sourceTree = SDKROOT; };
		5BB9338318C05B0200B533EA /* CoreGraphics.framework */ = {isa = PBXFileReference; lastKnownFileType = wrapper.framework; name = CoreGraphics.framework; path = System/Library/Frameworks/CoreGraphics.framework; sourceTree = SDKROOT; };
		5BB9338518C05B0200B533EA /* UIKit.framework */ = {isa = PBXFileReference; lastKnownFileType = wrapper.framework; name = UIKit.framework; path = System/Library/Frameworks/UIKit.framework; sourceTree = SDKROOT; };
		5BB9338918C05B0200B533EA /* RuntimeTest-Info.plist */ = {isa = PBXFileReference; lastKnownFileType = text.plist.xml; path = "RuntimeTest-Info.plist"; sourceTree = "<group>"; };
		5BB9338B18C05B0200B533EA /* en */ = {isa = PBXFileReference; lastKnownFileType = text.plist.strings; name = en; path = en.lproj/InfoPlist.strings; sourceTree = "<group>"; };
		5BB9338D18C05B0200B533EA /* main.m */ = {isa = PBXFileReference; lastKnownFileType = sourcecode.c.objc; path = main.m; sourceTree = "<group>"; };
		5BB9338F18C05B0200B533EA /* RuntimeTest-Prefix.pch */ = {isa = PBXFileReference; lastKnownFileType = sourcecode.c.h; path = "RuntimeTest-Prefix.pch"; sourceTree = "<group>"; };
		5BB9339018C05B0200B533EA /* AppDelegate.h */ = {isa = PBXFileReference; lastKnownFileType = sourcecode.c.h; path = AppDelegate.h; sourceTree = "<group>"; };
		5BB9339118C05B0200B533EA /* AppDelegate.m */ = {isa = PBXFileReference; lastKnownFileType = sourcecode.c.objc; path = AppDelegate.m; sourceTree = "<group>"; };
		5BB9339318C05B0200B533EA /* Images.xcassets */ = {isa = PBXFileReference; lastKnownFileType = folder.assetcatalog; path = Images.xcassets; sourceTree = "<group>"; };
		5BB9339918C05B0200B533EA /* RuntimeTestTests.xctest */ = {isa = PBXFileReference; explicitFileType = wrapper.cfbundle; includeInIndex = 0; path = RuntimeTestTests.xctest; sourceTree = BUILT_PRODUCTS_DIR; };
		5BB9339A18C05B0200B533EA /* XCTest.framework */ = {isa = PBXFileReference; lastKnownFileType = wrapper.framework; name = XCTest.framework; path = Library/Frameworks/XCTest.framework; sourceTree = DEVELOPER_DIR; };
		5BB933A218C05B0200B533EA /* RuntimeTestTests-Info.plist */ = {isa = PBXFileReference; lastKnownFileType = text.plist.xml; path = "RuntimeTestTests-Info.plist"; sourceTree = "<group>"; };
		5BB933A418C05B0200B533EA /* en */ = {isa = PBXFileReference; lastKnownFileType = text.plist.strings; name = en; path = en.lproj/InfoPlist.strings; sourceTree = "<group>"; };
		5BB933A618C05B0200B533EA /* RuntimeTestTests.m */ = {isa = PBXFileReference; lastKnownFileType = sourcecode.c.objc; path = RuntimeTestTests.m; sourceTree = "<group>"; };
		5BB933B218C06CA400B533EA /* Animal.h */ = {isa = PBXFileReference; fileEncoding = 4; lastKnownFileType = sourcecode.c.h; path = Animal.h; sourceTree = "<group>"; };
		5BB933B318C06CA400B533EA /* Animal.m */ = {isa = PBXFileReference; fileEncoding = 4; lastKnownFileType = sourcecode.c.objc; path = Animal.m; sourceTree = "<group>"; };
/* End PBXFileReference section */

/* Begin PBXFrameworksBuildPhase section */
		5BB9337B18C05B0200B533EA /* Frameworks */ = {
			isa = PBXFrameworksBuildPhase;
			buildActionMask = 2147483647;
			files = (
				5BB9338418C05B0200B533EA /* CoreGraphics.framework in Frameworks */,
				5BB9338618C05B0200B533EA /* UIKit.framework in Frameworks */,
				5BB9338218C05B0200B533EA /* Foundation.framework in Frameworks */,
			);
			runOnlyForDeploymentPostprocessing = 0;
		};
		5BB9339618C05B0200B533EA /* Frameworks */ = {
			isa = PBXFrameworksBuildPhase;
			buildActionMask = 2147483647;
			files = (
				5BB9339B18C05B0200B533EA /* XCTest.framework in Frameworks */,
				5BB9339D18C05B0200B533EA /* UIKit.framework in Frameworks */,
				5BB9339C18C05B0200B533EA /* Foundation.framework in Frameworks */,
			);
			runOnlyForDeploymentPostprocessing = 0;
		};
/* End PBXFrameworksBuildPhase section */

/* Begin PBXGroup section */
		5BB9337518C05B0200B533EA = {
			isa = PBXGroup;
			children = (
				5BB9338718C05B0200B533EA /* RuntimeTest */,
				5BB933A018C05B0200B533EA /* RuntimeTestTests */,
				5BB9338018C05B0200B533EA /* Frameworks */,
				5BB9337F18C05B0200B533EA /* Products */,
			);
			sourceTree = "<group>";
		};
		5BB9337F18C05B0200B533EA /* Products */ = {
			isa = PBXGroup;
			children = (
				5BB9337E18C05B0200B533EA /* RuntimeTest.app */,
				5BB9339918C05B0200B533EA /* RuntimeTestTests.xctest */,
			);
			name = Products;
			sourceTree = "<group>";
		};
		5BB9338018C05B0200B533EA /* Frameworks */ = {
			isa = PBXGroup;
			children = (
				5BB9338118C05B0200B533EA /* Foundation.framework */,
				5BB9338318C05B0200B533EA /* CoreGraphics.framework */,
				5BB9338518C05B0200B533EA /* UIKit.framework */,
				5BB9339A18C05B0200B533EA /* XCTest.framework */,
			);
			name = Frameworks;
			sourceTree = "<group>";
		};
		5BB9338718C05B0200B533EA /* RuntimeTest */ = {
			isa = PBXGroup;
			children = (
				5BB933B118C06C9800B533EA /* Classes */,
				5BB9339018C05B0200B533EA /* AppDelegate.h */,
				5BB9339118C05B0200B533EA /* AppDelegate.m */,
				5BB9339318C05B0200B533EA /* Images.xcassets */,
				5BB9338818C05B0200B533EA /* Supporting Files */,
			);
			path = RuntimeTest;
			sourceTree = "<group>";
		};
		5BB9338818C05B0200B533EA /* Supporting Files */ = {
			isa = PBXGroup;
			children = (
				5BB9338918C05B0200B533EA /* RuntimeTest-Info.plist */,
				5BB9338A18C05B0200B533EA /* InfoPlist.strings */,
				5BB9338D18C05B0200B533EA /* main.m */,
				5BB9338F18C05B0200B533EA /* RuntimeTest-Prefix.pch */,
			);
			name = "Supporting Files";
			sourceTree = "<group>";
		};
		5BB933A018C05B0200B533EA /* RuntimeTestTests */ = {
			isa = PBXGroup;
			children = (
				5BB933A618C05B0200B533EA /* RuntimeTestTests.m */,
				5BB933A118C05B0200B533EA /* Supporting Files */,
			);
			path = RuntimeTestTests;
			sourceTree = "<group>";
		};
		5BB933A118C05B0200B533EA /* Supporting Files */ = {
			isa = PBXGroup;
			children = (
				5BB933A218C05B0200B533EA /* RuntimeTestTests-Info.plist */,
				5BB933A318C05B0200B533EA /* InfoPlist.strings */,
			);
			name = "Supporting Files";
			sourceTree = "<group>";
		};
		5BB933B118C06C9800B533EA /* Classes */ = {
			isa = PBXGroup;
			children = (
				5BB933B218C06CA400B533EA /* Animal.h */,
				5BB933B318C06CA400B533EA /* Animal.m */,
			);
			path = Classes;
			sourceTree = "<group>";
		};
/* End PBXGroup section */

/* Begin PBXNativeTarget section */
		5BB9337D18C05B0200B533EA /* RuntimeTest */ = {
			isa = PBXNativeTarget;
			buildConfigurationList = 5BB933AA18C05B0200B533EA /* Build configuration list for PBXNativeTarget "RuntimeTest" */;
			buildPhases = (
				5BB9337A18C05B0200B533EA /* Sources */,
				5BB9337B18C05B0200B533EA /* Frameworks */,
				5BB9337C18C05B0200B533EA /* Resources */,
			);
			buildRules = (
			);
			dependencies = (
			);
			name = RuntimeTest;
			productName = RuntimeTest;
			productReference = 5BB9337E18C05B0200B533EA /* RuntimeTest.app */;
			productType = "com.apple.product-type.application";
		};
		5BB9339818C05B0200B533EA /* RuntimeTestTests */ = {
			isa = PBXNativeTarget;
			buildConfigurationList = 5BB933AD18C05B0200B533EA /* Build configuration list for PBXNativeTarget "RuntimeTestTests" */;
			buildPhases = (
				5BB9339518C05B0200B533EA /* Sources */,
				5BB9339618C05B0200B533EA /* Frameworks */,
				5BB9339718C05B0200B533EA /* Resources */,
			);
			buildRules = (
			);
			dependencies = (
				5BB9339F18C05B0200B533EA /* PBXTargetDependency */,
			);
			name = RuntimeTestTests;
			productName = RuntimeTestTests;
			productReference = 5BB9339918C05B0200B533EA /* RuntimeTestTests.xctest */;
			productType = "com.apple.product-type.bundle.unit-test";
		};
/* End PBXNativeTarget section */

/* Begin PBXProject section */
		5BB9337618C05B0200B533EA /* Project object */ = {
			isa = PBXProject;
			attributes = {
				LastUpgradeCheck = 0500;
				ORGANIZATIONNAME = yzy;
				TargetAttributes = {
					5BB9339818C05B0200B533EA = {
						TestTargetID = 5BB9337D18C05B0200B533EA;
					};
				};
			};
			buildConfigurationList = 5BB9337918C05B0200B533EA /* Build configuration list for PBXProject "RuntimeTest" */;
			compatibilityVersion = "Xcode 3.2";
			developmentRegion = English;
			hasScannedForEncodings = 0;
			knownRegions = (
				en,
			);
			mainGroup = 5BB9337518C05B0200B533EA;
			productRefGroup = 5BB9337F18C05B0200B533EA /* Products */;
			projectDirPath = "";
			projectRoot = "";
			targets = (
				5BB9337D18C05B0200B533EA /* RuntimeTest */,
				5BB9339818C05B0200B533EA /* RuntimeTestTests */,
			);
		};
/* End PBXProject section */

/* Begin PBXResourcesBuildPhase section */
		5BB9337C18C05B0200B533EA /* Resources */ = {
			isa = PBXResourcesBuildPhase;
			buildActionMask = 2147483647;
			files = (
				5BB9338C18C05B0200B533EA /* InfoPlist.strings in Resources */,
				5BB9339418C05B0200B533EA /* Images.xcassets in Resources */,
			);
			runOnlyForDeploymentPostprocessing = 0;
		};
		5BB9339718C05B0200B533EA /* Resources */ = {
			isa = PBXResourcesBuildPhase;
			buildActionMask = 2147483647;
			files = (
				5BB933A518C05B0200B533EA /* InfoPlist.strings in Resources */,
			);
			runOnlyForDeploymentPostprocessing = 0;
		};
/* End PBXResourcesBuildPhase section */

/* Begin PBXSourcesBuildPhase section */
		5BB9337A18C05B0200B533EA /* Sources */ = {
			isa = PBXSourcesBuildPhase;
			buildActionMask = 2147483647;
			files = (
				5BB933B418C06CA400B533EA /* Animal.m in Sources */,
				5BB9339218C05B0200B533EA /* AppDelegate.m in Sources */,
				5BB9338E18C05B0200B533EA /* main.m in Sources */,
			);
			runOnlyForDeploymentPostprocessing = 0;
		};
		5BB9339518C05B0200B533EA /* Sources */ = {
			isa = PBXSourcesBuildPhase;
			buildActionMask = 2147483647;
			files = (
				5BB933A718C05B0200B533EA /* RuntimeTestTests.m in Sources */,
			);
			runOnlyForDeploymentPostprocessing = 0;
		};
/* End PBXSourcesBuildPhase section */

/* Begin PBXTargetDependency section */
		5BB9339F18C05B0200B533EA /* PBXTargetDependency */ = {
			isa = PBXTargetDependency;
			target = 5BB9337D18C05B0200B533EA /* RuntimeTest */;
			targetProxy = 5BB9339E18C05B0200B533EA /* PBXContainerItemProxy */;
		};
/* End PBXTargetDependency section */

/* Begin PBXVariantGroup section */
		5BB9338A18C05B0200B533EA /* InfoPlist.strings */ = {
			isa = PBXVariantGroup;
			children = (
				5BB9338B18C05B0200B533EA /* en */,
			);
			name = InfoPlist.strings;
			sourceTree = "<group>";
		};
		5BB933A318C05B0200B533EA /* InfoPlist.strings */ = {
			isa = PBXVariantGroup;
			children = (
				5BB933A418C05B0200B533EA /* en */,
			);
			name = InfoPlist.strings;
			sourceTree = "<group>";
		};
/* End PBXVariantGroup section */

/* Begin XCBuildConfiguration section */
		5BB933A818C05B0200B533EA /* Debug */ = {
			isa = XCBuildConfiguration;
			buildSettings = {
				ALWAYS_SEARCH_USER_PATHS = NO;
				ARCHS = "$(ARCHS_STANDARD_INCLUDING_64_BIT)";
				CLANG_CXX_LANGUAGE_STANDARD = "gnu++0x";
				CLANG_CXX_LIBRARY = "libc++";
				CLANG_ENABLE_MODULES = YES;
				CLANG_ENABLE_OBJC_ARC = YES;
				CLANG_WARN_BOOL_CONVERSION = YES;
				CLANG_WARN_CONSTANT_CONVERSION = YES;
				CLANG_WARN_DIRECT_OBJC_ISA_USAGE = YES_ERROR;
				CLANG_WARN_EMPTY_BODY = YES;
				CLANG_WARN_ENUM_CONVERSION = YES;
				CLANG_WARN_INT_CONVERSION = YES;
				CLANG_WARN_OBJC_ROOT_CLASS = YES_ERROR;
				CLANG_WARN__DUPLICATE_METHOD_MATCH = YES;
				"CODE_SIGN_IDENTITY[sdk=iphoneos*]" = "iPhone Developer";
				COPY_PHASE_STRIP = NO;
				GCC_C_LANGUAGE_STANDARD = gnu99;
				GCC_DYNAMIC_NO_PIC = NO;
				GCC_OPTIMIZATION_LEVEL = 0;
				GCC_PREPROCESSOR_DEFINITIONS = (
					"DEBUG=1",
					"$(inherited)",
				);
				GCC_SYMBOLS_PRIVATE_EXTERN = NO;
				GCC_WARN_64_TO_32_BIT_CONVERSION = YES;
				GCC_WARN_ABOUT_RETURN_TYPE = YES_ERROR;
				GCC_WARN_UNDECLARED_SELECTOR = YES;
				GCC_WARN_UNINITIALIZED_AUTOS = YES;
				GCC_WARN_UNUSED_FUNCTION = YES;
				GCC_WARN_UNUSED_VARIABLE = YES;
				IPHONEOS_DEPLOYMENT_TARGET = 7.0;
				ONLY_ACTIVE_ARCH = YES;
				SDKROOT = iphoneos;
			};
			name = Debug;
		};
		5BB933A918C05B0200B533EA /* Release */ = {
			isa = XCBuildConfiguration;
			buildSettings = {
				ALWAYS_SEARCH_USER_PATHS = NO;
				ARCHS = "$(ARCHS_STANDARD_INCLUDING_64_BIT)";
				CLANG_CXX_LANGUAGE_STANDARD = "gnu++0x";
				CLANG_CXX_LIBRARY = "libc++";
				CLANG_ENABLE_MODULES = YES;
				CLANG_ENABLE_OBJC_ARC = YES;
				CLANG_WARN_BOOL_CONVERSION = YES;
				CLANG_WARN_CONSTANT_CONVERSION = YES;
				CLANG_WARN_DIRECT_OBJC_ISA_USAGE = YES_ERROR;
				CLANG_WARN_EMPTY_BODY = YES;
				CLANG_WARN_ENUM_CONVERSION = YES;
				CLANG_WARN_INT_CONVERSION = YES;
				CLANG_WARN_OBJC_ROOT_CLASS = YES_ERROR;
				CLANG_WARN__DUPLICATE_METHOD_MATCH = YES;
				"CODE_SIGN_IDENTITY[sdk=iphoneos*]" = "iPhone Developer";
				COPY_PHASE_STRIP = YES;
				ENABLE_NS_ASSERTIONS = NO;
				GCC_C_LANGUAGE_STANDARD = gnu99;
				GCC_WARN_64_TO_32_BIT_CONVERSION = YES;
				GCC_WARN_ABOUT_RETURN_TYPE = YES_ERROR;
				GCC_WARN_UNDECLARED_SELECTOR = YES;
				GCC_WARN_UNINITIALIZED_AUTOS = YES;
				GCC_WARN_UNUSED_FUNCTION = YES;
				GCC_WARN_UNUSED_VARIABLE = YES;
				IPHONEOS_DEPLOYMENT_TARGET = 7.0;
				SDKROOT = iphoneos;
				VALIDATE_PRODUCT = YES;
			};
			name = Release;
		};
		5BB933AB18C05B0200B533EA /* Debug */ = {
			isa = XCBuildConfiguration;
			buildSettings = {
				ASSETCATALOG_COMPILER_APPICON_NAME = AppIcon;
				ASSETCATALOG_COMPILER_LAUNCHIMAGE_NAME = LaunchImage;
				GCC_PRECOMPILE_PREFIX_HEADER = YES;
				GCC_PREFIX_HEADER = "RuntimeTest/RuntimeTest-Prefix.pch";
				INFOPLIST_FILE = "RuntimeTest/RuntimeTest-Info.plist";
				PRODUCT_NAME = "$(TARGET_NAME)";
				WRAPPER_EXTENSION = app;
			};
			name = Debug;
		};
		5BB933AC18C05B0200B533EA /* Release */ = {
			isa = XCBuildConfiguration;
			buildSettings = {
				ASSETCATALOG_COMPILER_APPICON_NAME = AppIcon;
				ASSETCATALOG_COMPILER_LAUNCHIMAGE_NAME = LaunchImage;
				GCC_PRECOMPILE_PREFIX_HEADER = YES;
				GCC_PREFIX_HEADER = "RuntimeTest/RuntimeTest-Prefix.pch";
				INFOPLIST_FILE = "RuntimeTest/RuntimeTest-Info.plist";
				PRODUCT_NAME = "$(TARGET_NAME)";
				WRAPPER_EXTENSION = app;
			};
			name = Release;
		};
		5BB933AE18C05B0200B533EA /* Debug */ = {
			isa = XCBuildConfiguration;
			buildSettings = {
				ARCHS = "$(ARCHS_STANDARD_INCLUDING_64_BIT)";
				BUNDLE_LOADER = "$(BUILT_PRODUCTS_DIR)/RuntimeTest.app/RuntimeTest";
				FRAMEWORK_SEARCH_PATHS = (
					"$(SDKROOT)/Developer/Library/Frameworks",
					"$(inherited)",
					"$(DEVELOPER_FRAMEWORKS_DIR)",
				);
				GCC_PRECOMPILE_PREFIX_HEADER = YES;
				GCC_PREFIX_HEADER = "RuntimeTest/RuntimeTest-Prefix.pch";
				GCC_PREPROCESSOR_DEFINITIONS = (
					"DEBUG=1",
					"$(inherited)",
				);
				INFOPLIST_FILE = "RuntimeTestTests/RuntimeTestTests-Info.plist";
				PRODUCT_NAME = "$(TARGET_NAME)";
				TEST_HOST = "$(BUNDLE_LOADER)";
				WRAPPER_EXTENSION = xctest;
			};
			name = Debug;
		};
		5BB933AF18C05B0200B533EA /* Release */ = {
			isa = XCBuildConfiguration;
			buildSettings = {
				ARCHS = "$(ARCHS_STANDARD_INCLUDING_64_BIT)";
				BUNDLE_LOADER = "$(BUILT_PRODUCTS_DIR)/RuntimeTest.app/RuntimeTest";
				FRAMEWORK_SEARCH_PATHS = (
					"$(SDKROOT)/Developer/Library/Frameworks",
					"$(inherited)",
					"$(DEVELOPER_FRAMEWORKS_DIR)",
				);
				GCC_PRECOMPILE_PREFIX_HEADER = YES;
				GCC_PREFIX_HEADER = "RuntimeTest/RuntimeTest-Prefix.pch";
				INFOPLIST_FILE = "RuntimeTestTests/RuntimeTestTests-Info.plist";
				PRODUCT_NAME = "$(TARGET_NAME)";
				TEST_HOST = "$(BUNDLE_LOADER)";
				WRAPPER_EXTENSION = xctest;
			};
			name = Release;
		};
/* End XCBuildConfiguration section */

/* Begin XCConfigurationList section */
		5BB9337918C05B0200B533EA /* Build configuration list for PBXProject "RuntimeTest" */ = {
			isa = XCConfigurationList;
			buildConfigurations = (
				5BB933A818C05B0200B533EA /* Debug */,
				5BB933A918C05B0200B533EA /* Release */,
			);
			defaultConfigurationIsVisible = 0;
			defaultConfigurationName = Release;
		};
		5BB933AA18C05B0200B533EA /* Build configuration list for PBXNativeTarget "RuntimeTest" */ = {
			isa = XCConfigurationList;
			buildConfigurations = (
				5BB933AB18C05B0200B533EA /* Debug */,
				5BB933AC18C05B0200B533EA /* Release */,
			);
			defaultConfigurationIsVisible = 0;
		};
		5BB933AD18C05B0200B533EA /* Build configuration list for PBXNativeTarget "RuntimeTestTests" */ = {
			isa = XCConfigurationList;
			buildConfigurations = (
				5BB933AE18C05B0200B533EA /* Debug */,
				5BB933AF18C05B0200B533EA /* Release */,
			);
			defaultConfigurationIsVisible = 0;
		};
/* End XCConfigurationList section */
	};
	rootObject = 5BB9337618C05B0200B533EA /* Project object */;
}
